// !$*UTF8*$!
{
	archiveVersion = 1;
	classes = {
	};
	objectVersion = 56;
	objects = {

/* Begin PBXBuildFile section */
		95434F6C297BFC7E00AC0429 /* RMOrigin.swift in Sources */ = {isa = PBXBuildFile; fileRef = 95434F6B297BFC7E00AC0429 /* RMOrigin.swift */; };
		95434F6E297BFD5F00AC0429 /* RMSingleLocation.swift in Sources */ = {isa = PBXBuildFile; fileRef = 95434F6D297BFD5F00AC0429 /* RMSingleLocation.swift */; };
		95434F70297BFF5200AC0429 /* RMCharacterStatus.swift in Sources */ = {isa = PBXBuildFile; fileRef = 95434F6F297BFF5200AC0429 /* RMCharacterStatus.swift */; };
		95434F72297BFF8800AC0429 /* RMCharacterGender.swift in Sources */ = {isa = PBXBuildFile; fileRef = 95434F71297BFF8800AC0429 /* RMCharacterGender.swift */; };
		95901AAB297AB2B00095B8C5 /* AppDelegate.swift in Sources */ = {isa = PBXBuildFile; fileRef = 95901AAA297AB2B00095B8C5 /* AppDelegate.swift */; };
		95901AAD297AB2B00095B8C5 /* SceneDelegate.swift in Sources */ = {isa = PBXBuildFile; fileRef = 95901AAC297AB2B00095B8C5 /* SceneDelegate.swift */; };
		95901AAF297AB2B00095B8C5 /* RMTabBarController.swift in Sources */ = {isa = PBXBuildFile; fileRef = 95901AAE297AB2B00095B8C5 /* RMTabBarController.swift */; };
		95901AB4297AB2B20095B8C5 /* Assets.xcassets in Resources */ = {isa = PBXBuildFile; fileRef = 95901AB3297AB2B20095B8C5 /* Assets.xcassets */; };
		95901AB7297AB2B20095B8C5 /* LaunchScreen.storyboard in Resources */ = {isa = PBXBuildFile; fileRef = 95901AB5297AB2B20095B8C5 /* LaunchScreen.storyboard */; };
		95901AC6297AB5720095B8C5 /* RMLocation.swift in Sources */ = {isa = PBXBuildFile; fileRef = 95901AC5297AB5720095B8C5 /* RMLocation.swift */; };
		95901AC8297AB5890095B8C5 /* RMCharacter.swift in Sources */ = {isa = PBXBuildFile; fileRef = 95901AC7297AB5890095B8C5 /* RMCharacter.swift */; };
		95901ACA297AB5930095B8C5 /* RMEpisode.swift in Sources */ = {isa = PBXBuildFile; fileRef = 95901AC9297AB5930095B8C5 /* RMEpisode.swift */; };
		95901ACD297AB63E0095B8C5 /* RMCharacterViewController.swift in Sources */ = {isa = PBXBuildFile; fileRef = 95901ACC297AB63E0095B8C5 /* RMCharacterViewController.swift */; };
		95901ACF297AB6490095B8C5 /* RMLocationViewController.swift in Sources */ = {isa = PBXBuildFile; fileRef = 95901ACE297AB6490095B8C5 /* RMLocationViewController.swift */; };
		95901AD1297AB6550095B8C5 /* RMEpisodeViewController.swift in Sources */ = {isa = PBXBuildFile; fileRef = 95901AD0297AB6550095B8C5 /* RMEpisodeViewController.swift */; };
		95901AD3297AB66E0095B8C5 /* RMSettingViewController.swift in Sources */ = {isa = PBXBuildFile; fileRef = 95901AD2297AB66E0095B8C5 /* RMSettingViewController.swift */; };
		95901AD5297BF5C90095B8C5 /* RMService.swift in Sources */ = {isa = PBXBuildFile; fileRef = 95901AD4297BF5C90095B8C5 /* RMService.swift */; };
		95901AD7297BF5D40095B8C5 /* RMRequest.swift in Sources */ = {isa = PBXBuildFile; fileRef = 95901AD6297BF5D40095B8C5 /* RMRequest.swift */; };
		95901AD9297BF6EB0095B8C5 /* RMEndpoint.swift in Sources */ = {isa = PBXBuildFile; fileRef = 95901AD8297BF6EB0095B8C5 /* RMEndpoint.swift */; };
/* End PBXBuildFile section */

/* Begin PBXFileReference section */
		95434F6B297BFC7E00AC0429 /* RMOrigin.swift */ = {isa = PBXFileReference; lastKnownFileType = sourcecode.swift; path = RMOrigin.swift; sourceTree = "<group>"; };
		95434F6D297BFD5F00AC0429 /* RMSingleLocation.swift */ = {isa = PBXFileReference; lastKnownFileType = sourcecode.swift; path = RMSingleLocation.swift; sourceTree = "<group>"; };
		95434F6F297BFF5200AC0429 /* RMCharacterStatus.swift */ = {isa = PBXFileReference; lastKnownFileType = sourcecode.swift; path = RMCharacterStatus.swift; sourceTree = "<group>"; };
		95434F71297BFF8800AC0429 /* RMCharacterGender.swift */ = {isa = PBXFileReference; lastKnownFileType = sourcecode.swift; path = RMCharacterGender.swift; sourceTree = "<group>"; };
		95901AA7297AB2B00095B8C5 /* RickNMortyAPI.app */ = {isa = PBXFileReference; explicitFileType = wrapper.application; includeInIndex = 0; path = RickNMortyAPI.app; sourceTree = BUILT_PRODUCTS_DIR; };
		95901AAA297AB2B00095B8C5 /* AppDelegate.swift */ = {isa = PBXFileReference; lastKnownFileType = sourcecode.swift; path = AppDelegate.swift; sourceTree = "<group>"; };
		95901AAC297AB2B00095B8C5 /* SceneDelegate.swift */ = {isa = PBXFileReference; lastKnownFileType = sourcecode.swift; path = SceneDelegate.swift; sourceTree = "<group>"; };
		95901AAE297AB2B00095B8C5 /* RMTabBarController.swift */ = {isa = PBXFileReference; lastKnownFileType = sourcecode.swift; path = RMTabBarController.swift; sourceTree = "<group>"; };
		95901AB3297AB2B20095B8C5 /* Assets.xcassets */ = {isa = PBXFileReference; lastKnownFileType = folder.assetcatalog; path = Assets.xcassets; sourceTree = "<group>"; };
		95901AB6297AB2B20095B8C5 /* Base */ = {isa = PBXFileReference; lastKnownFileType = file.storyboard; name = Base; path = Base.lproj/LaunchScreen.storyboard; sourceTree = "<group>"; };
		95901AB8297AB2B20095B8C5 /* Info.plist */ = {isa = PBXFileReference; lastKnownFileType = text.plist.xml; path = Info.plist; sourceTree = "<group>"; };
		95901AC5297AB5720095B8C5 /* RMLocation.swift */ = {isa = PBXFileReference; lastKnownFileType = sourcecode.swift; path = RMLocation.swift; sourceTree = "<group>"; };
		95901AC7297AB5890095B8C5 /* RMCharacter.swift */ = {isa = PBXFileReference; lastKnownFileType = sourcecode.swift; path = RMCharacter.swift; sourceTree = "<group>"; };
		95901AC9297AB5930095B8C5 /* RMEpisode.swift */ = {isa = PBXFileReference; lastKnownFileType = sourcecode.swift; path = RMEpisode.swift; sourceTree = "<group>"; };
		95901ACC297AB63E0095B8C5 /* RMCharacterViewController.swift */ = {isa = PBXFileReference; lastKnownFileType = sourcecode.swift; path = RMCharacterViewController.swift; sourceTree = "<group>"; };
		95901ACE297AB6490095B8C5 /* RMLocationViewController.swift */ = {isa = PBXFileReference; lastKnownFileType = sourcecode.swift; path = RMLocationViewController.swift; sourceTree = "<group>"; };
		95901AD0297AB6550095B8C5 /* RMEpisodeViewController.swift */ = {isa = PBXFileReference; lastKnownFileType = sourcecode.swift; path = RMEpisodeViewController.swift; sourceTree = "<group>"; };
		95901AD2297AB66E0095B8C5 /* RMSettingViewController.swift */ = {isa = PBXFileReference; lastKnownFileType = sourcecode.swift; path = RMSettingViewController.swift; sourceTree = "<group>"; };
		95901AD4297BF5C90095B8C5 /* RMService.swift */ = {isa = PBXFileReference; lastKnownFileType = sourcecode.swift; path = RMService.swift; sourceTree = "<group>"; };
		95901AD6297BF5D40095B8C5 /* RMRequest.swift */ = {isa = PBXFileReference; lastKnownFileType = sourcecode.swift; path = RMRequest.swift; sourceTree = "<group>"; };
		95901AD8297BF6EB0095B8C5 /* RMEndpoint.swift */ = {isa = PBXFileReference; lastKnownFileType = sourcecode.swift; path = RMEndpoint.swift; sourceTree = "<group>"; };
/* End PBXFileReference section */

/* Begin PBXFrameworksBuildPhase section */
		95901AA4297AB2B00095B8C5 /* Frameworks */ = {
			isa = PBXFrameworksBuildPhase;
			buildActionMask = 2147483647;
			files = (
			);
			runOnlyForDeploymentPostprocessing = 0;
		};
/* End PBXFrameworksBuildPhase section */

/* Begin PBXGroup section */
		95901A9E297AB2B00095B8C5 = {
			isa = PBXGroup;
			children = (
				95901AA9297AB2B00095B8C5 /* RickNMortyAPI */,
				95901AA8297AB2B00095B8C5 /* Products */,
			);
			sourceTree = "<group>";
		};
		95901AA8297AB2B00095B8C5 /* Products */ = {
			isa = PBXGroup;
			children = (
				95901AA7297AB2B00095B8C5 /* RickNMortyAPI.app */,
			);
			name = Products;
			sourceTree = "<group>";
		};
		95901AA9297AB2B00095B8C5 /* RickNMortyAPI */ = {
			isa = PBXGroup;
			children = (
				95901AC4297AB4DA0095B8C5 /* Resources */,
				95901AC3297AB4D30095B8C5 /* Managers */,
				95901AC2297AB4C50095B8C5 /* APIClient */,
				95901AC1297AB4B10095B8C5 /* ViewModels */,
				95901AC0297AB4AB0095B8C5 /* Views */,
				95901ABF297AB49B0095B8C5 /* Models */,
				95901ABE297AB47D0095B8C5 /* Controllers */,
				95901AB8297AB2B20095B8C5 /* Info.plist */,
			);
			path = RickNMortyAPI;
			sourceTree = "<group>";
		};
		95901ABE297AB47D0095B8C5 /* Controllers */ = {
			isa = PBXGroup;
			children = (
				95901ACB297AB5F20095B8C5 /* Core */,
			);
			path = Controllers;
			sourceTree = "<group>";
		};
		95901ABF297AB49B0095B8C5 /* Models */ = {
			isa = PBXGroup;
			children = (
				95901AC5297AB5720095B8C5 /* RMLocation.swift */,
				95901AC7297AB5890095B8C5 /* RMCharacter.swift */,
				95901AC9297AB5930095B8C5 /* RMEpisode.swift */,
				95434F6F297BFF5200AC0429 /* RMCharacterStatus.swift */,
				95434F71297BFF8800AC0429 /* RMCharacterGender.swift */,
				95434F6D297BFD5F00AC0429 /* RMSingleLocation.swift */,
				95434F6B297BFC7E00AC0429 /* RMOrigin.swift */,
			);
			path = Models;
			sourceTree = "<group>";
		};
		95901AC0297AB4AB0095B8C5 /* Views */ = {
			isa = PBXGroup;
			children = (
			);
			path = Views;
			sourceTree = "<group>";
		};
		95901AC1297AB4B10095B8C5 /* ViewModels */ = {
			isa = PBXGroup;
			children = (
			);
			path = ViewModels;
			sourceTree = "<group>";
		};
		95901AC2297AB4C50095B8C5 /* APIClient */ = {
			isa = PBXGroup;
			children = (
				95901AD4297BF5C90095B8C5 /* RMService.swift */,
				95901AD6297BF5D40095B8C5 /* RMRequest.swift */,
				95901AD8297BF6EB0095B8C5 /* RMEndpoint.swift */,
			);
			path = APIClient;
			sourceTree = "<group>";
		};
		95901AC3297AB4D30095B8C5 /* Managers */ = {
			isa = PBXGroup;
			children = (
			);
			path = Managers;
			sourceTree = "<group>";
		};
		95901AC4297AB4DA0095B8C5 /* Resources */ = {
			isa = PBXGroup;
			children = (
				95901AAA297AB2B00095B8C5 /* AppDelegate.swift */,
				95901AAC297AB2B00095B8C5 /* SceneDelegate.swift */,
				95901AB3297AB2B20095B8C5 /* Assets.xcassets */,
				95901AB5297AB2B20095B8C5 /* LaunchScreen.storyboard */,
			);
			path = Resources;
			sourceTree = "<group>";
		};
		95901ACB297AB5F20095B8C5 /* Core */ = {
			isa = PBXGroup;
			children = (
				95901AAE297AB2B00095B8C5 /* RMTabBarController.swift */,
				95901ACC297AB63E0095B8C5 /* RMCharacterViewController.swift */,
				95901ACE297AB6490095B8C5 /* RMLocationViewController.swift */,
				95901AD0297AB6550095B8C5 /* RMEpisodeViewController.swift */,
				95901AD2297AB66E0095B8C5 /* RMSettingViewController.swift */,
			);
			path = Core;
			sourceTree = "<group>";
		};
/* End PBXGroup section */

/* Begin PBXNativeTarget section */
		95901AA6297AB2B00095B8C5 /* RickNMortyAPI */ = {
			isa = PBXNativeTarget;
			buildConfigurationList = 95901ABB297AB2B20095B8C5 /* Build configuration list for PBXNativeTarget "RickNMortyAPI" */;
			buildPhases = (
				95901AA3297AB2B00095B8C5 /* Sources */,
				95901AA4297AB2B00095B8C5 /* Frameworks */,
				95901AA5297AB2B00095B8C5 /* Resources */,
			);
			buildRules = (
			);
			dependencies = (
			);
			name = RickNMortyAPI;
			productName = RickNMortyAPI;
			productReference = 95901AA7297AB2B00095B8C5 /* RickNMortyAPI.app */;
			productType = "com.apple.product-type.application";
		};
/* End PBXNativeTarget section */

/* Begin PBXProject section */
		95901A9F297AB2B00095B8C5 /* Project object */ = {
			isa = PBXProject;
			attributes = {
				BuildIndependentTargetsInParallel = 1;
				LastSwiftUpdateCheck = 1420;
				LastUpgradeCheck = 1420;
				TargetAttributes = {
					95901AA6297AB2B00095B8C5 = {
						CreatedOnToolsVersion = 14.2;
					};
				};
			};
			buildConfigurationList = 95901AA2297AB2B00095B8C5 /* Build configuration list for PBXProject "RickNMortyAPI" */;
			compatibilityVersion = "Xcode 14.0";
			developmentRegion = en;
			hasScannedForEncodings = 0;
			knownRegions = (
				en,
				Base,
			);
			mainGroup = 95901A9E297AB2B00095B8C5;
			productRefGroup = 95901AA8297AB2B00095B8C5 /* Products */;
			projectDirPath = "";
			projectRoot = "";
			targets = (
				95901AA6297AB2B00095B8C5 /* RickNMortyAPI */,
			);
		};
/* End PBXProject section */

/* Begin PBXResourcesBuildPhase section */
		95901AA5297AB2B00095B8C5 /* Resources */ = {
			isa = PBXResourcesBuildPhase;
			buildActionMask = 2147483647;
			files = (
				95901AB7297AB2B20095B8C5 /* LaunchScreen.storyboard in Resources */,
				95901AB4297AB2B20095B8C5 /* Assets.xcassets in Resources */,
			);
			runOnlyForDeploymentPostprocessing = 0;
		};
/* End PBXResourcesBuildPhase section */

/* Begin PBXSourcesBuildPhase section */
		95901AA3297AB2B00095B8C5 /* Sources */ = {
			isa = PBXSourcesBuildPhase;
			buildActionMask = 2147483647;
			files = (
				95434F6C297BFC7E00AC0429 /* RMOrigin.swift in Sources */,
				95434F6E297BFD5F00AC0429 /* RMSingleLocation.swift in Sources */,
				95434F70297BFF5200AC0429 /* RMCharacterStatus.swift in Sources */,
				95434F72297BFF8800AC0429 /* RMCharacterGender.swift in Sources */,
				95901ACF297AB6490095B8C5 /* RMLocationViewController.swift in Sources */,
				95901ACA297AB5930095B8C5 /* RMEpisode.swift in Sources */,
				95901AAF297AB2B00095B8C5 /* RMTabBarController.swift in Sources */,
				95901AD1297AB6550095B8C5 /* RMEpisodeViewController.swift in Sources */,
				95901AD3297AB66E0095B8C5 /* RMSettingViewController.swift in Sources */,
				95901AAB297AB2B00095B8C5 /* AppDelegate.swift in Sources */,
				95901AAD297AB2B00095B8C5 /* SceneDelegate.swift in Sources */,
				95901AD5297BF5C90095B8C5 /* RMService.swift in Sources */,
				95901AC6297AB5720095B8C5 /* RMLocation.swift in Sources */,
				95901AD9297BF6EB0095B8C5 /* RMEndpoint.swift in Sources */,
				95901AC8297AB5890095B8C5 /* RMCharacter.swift in Sources */,
				95901AD7297BF5D40095B8C5 /* RMRequest.swift in Sources */,
				95901ACD297AB63E0095B8C5 /* RMCharacterViewController.swift in Sources */,
			);
			runOnlyForDeploymentPostprocessing = 0;
		};
/* End PBXSourcesBuildPhase section */

/* Begin PBXVariantGroup section */
		95901AB5297AB2B20095B8C5 /* LaunchScreen.storyboard */ = {
			isa = PBXVariantGroup;
			children = (
				95901AB6297AB2B20095B8C5 /* Base */,
			);
			name = LaunchScreen.storyboard;
			sourceTree = "<group>";
		};
/* End PBXVariantGroup section */

/* Begin XCBuildConfiguration section */
		95901AB9297AB2B20095B8C5 /* Debug */ = {
			isa = XCBuildConfiguration;
			buildSettings = {
				ALWAYS_SEARCH_USER_PATHS = NO;
				CLANG_ANALYZER_NONNULL = YES;
				CLANG_ANALYZER_NUMBER_OBJECT_CONVERSION = YES_AGGRESSIVE;
				CLANG_CXX_LANGUAGE_STANDARD = "gnu++20";
				CLANG_ENABLE_MODULES = YES;
				CLANG_ENABLE_OBJC_ARC = YES;
				CLANG_ENABLE_OBJC_WEAK = YES;
				CLANG_WARN_BLOCK_CAPTURE_AUTORELEASING = YES;
				CLANG_WARN_BOOL_CONVERSION = YES;
				CLANG_WARN_COMMA = YES;
				CLANG_WARN_CONSTANT_CONVERSION = YES;
				CLANG_WARN_DEPRECATED_OBJC_IMPLEMENTATIONS = YES;
				CLANG_WARN_DIRECT_OBJC_ISA_USAGE = YES_ERROR;
				CLANG_WARN_DOCUMENTATION_COMMENTS = YES;
				CLANG_WARN_EMPTY_BODY = YES;
				CLANG_WARN_ENUM_CONVERSION = YES;
				CLANG_WARN_INFINITE_RECURSION = YES;
				CLANG_WARN_INT_CONVERSION = YES;
				CLANG_WARN_NON_LITERAL_NULL_CONVERSION = YES;
				CLANG_WARN_OBJC_IMPLICIT_RETAIN_SELF = YES;
				CLANG_WARN_OBJC_LITERAL_CONVERSION = YES;
				CLANG_WARN_OBJC_ROOT_CLASS = YES_ERROR;
				CLANG_WARN_QUOTED_INCLUDE_IN_FRAMEWORK_HEADER = YES;
				CLANG_WARN_RANGE_LOOP_ANALYSIS = YES;
				CLANG_WARN_STRICT_PROTOTYPES = YES;
				CLANG_WARN_SUSPICIOUS_MOVE = YES;
				CLANG_WARN_UNGUARDED_AVAILABILITY = YES_AGGRESSIVE;
				CLANG_WARN_UNREACHABLE_CODE = YES;
				CLANG_WARN__DUPLICATE_METHOD_MATCH = YES;
				COPY_PHASE_STRIP = NO;
				DEBUG_INFORMATION_FORMAT = dwarf;
				ENABLE_STRICT_OBJC_MSGSEND = YES;
				ENABLE_TESTABILITY = YES;
				GCC_C_LANGUAGE_STANDARD = gnu11;
				GCC_DYNAMIC_NO_PIC = NO;
				GCC_NO_COMMON_BLOCKS = YES;
				GCC_OPTIMIZATION_LEVEL = 0;
				GCC_PREPROCESSOR_DEFINITIONS = (
					"DEBUG=1",
					"$(inherited)",
				);
				GCC_WARN_64_TO_32_BIT_CONVERSION = YES;
				GCC_WARN_ABOUT_RETURN_TYPE = YES_ERROR;
				GCC_WARN_UNDECLARED_SELECTOR = YES;
				GCC_WARN_UNINITIALIZED_AUTOS = YES_AGGRESSIVE;
				GCC_WARN_UNUSED_FUNCTION = YES;
				GCC_WARN_UNUSED_VARIABLE = YES;
				IPHONEOS_DEPLOYMENT_TARGET = 16.2;
				MTL_ENABLE_DEBUG_INFO = INCLUDE_SOURCE;
				MTL_FAST_MATH = YES;
				ONLY_ACTIVE_ARCH = YES;
				SDKROOT = iphoneos;
				SWIFT_ACTIVE_COMPILATION_CONDITIONS = DEBUG;
				SWIFT_OPTIMIZATION_LEVEL = "-Onone";
			};
			name = Debug;
		};
		95901ABA297AB2B20095B8C5 /* Release */ = {
			isa = XCBuildConfiguration;
			buildSettings = {
				ALWAYS_SEARCH_USER_PATHS = NO;
				CLANG_ANALYZER_NONNULL = YES;
				CLANG_ANALYZER_NUMBER_OBJECT_CONVERSION = YES_AGGRESSIVE;
				CLANG_CXX_LANGUAGE_STANDARD = "gnu++20";
				CLANG_ENABLE_MODULES = YES;
				CLANG_ENABLE_OBJC_ARC = YES;
				CLANG_ENABLE_OBJC_WEAK = YES;
				CLANG_WARN_BLOCK_CAPTURE_AUTORELEASING = YES;
				CLANG_WARN_BOOL_CONVERSION = YES;
				CLANG_WARN_COMMA = YES;
				CLANG_WARN_CONSTANT_CONVERSION = YES;
				CLANG_WARN_DEPRECATED_OBJC_IMPLEMENTATIONS = YES;
				CLANG_WARN_DIRECT_OBJC_ISA_USAGE = YES_ERROR;
				CLANG_WARN_DOCUMENTATION_COMMENTS = YES;
				CLANG_WARN_EMPTY_BODY = YES;
				CLANG_WARN_ENUM_CONVERSION = YES;
				CLANG_WARN_INFINITE_RECURSION = YES;
				CLANG_WARN_INT_CONVERSION = YES;
				CLANG_WARN_NON_LITERAL_NULL_CONVERSION = YES;
				CLANG_WARN_OBJC_IMPLICIT_RETAIN_SELF = YES;
				CLANG_WARN_OBJC_LITERAL_CONVERSION = YES;
				CLANG_WARN_OBJC_ROOT_CLASS = YES_ERROR;
				CLANG_WARN_QUOTED_INCLUDE_IN_FRAMEWORK_HEADER = YES;
				CLANG_WARN_RANGE_LOOP_ANALYSIS = YES;
				CLANG_WARN_STRICT_PROTOTYPES = YES;
				CLANG_WARN_SUSPICIOUS_MOVE = YES;
				CLANG_WARN_UNGUARDED_AVAILABILITY = YES_AGGRESSIVE;
				CLANG_WARN_UNREACHABLE_CODE = YES;
				CLANG_WARN__DUPLICATE_METHOD_MATCH = YES;
				COPY_PHASE_STRIP = NO;
				DEBUG_INFORMATION_FORMAT = "dwarf-with-dsym";
				ENABLE_NS_ASSERTIONS = NO;
				ENABLE_STRICT_OBJC_MSGSEND = YES;
				GCC_C_LANGUAGE_STANDARD = gnu11;
				GCC_NO_COMMON_BLOCKS = YES;
				GCC_WARN_64_TO_32_BIT_CONVERSION = YES;
				GCC_WARN_ABOUT_RETURN_TYPE = YES_ERROR;
				GCC_WARN_UNDECLARED_SELECTOR = YES;
				GCC_WARN_UNINITIALIZED_AUTOS = YES_AGGRESSIVE;
				GCC_WARN_UNUSED_FUNCTION = YES;
				GCC_WARN_UNUSED_VARIABLE = YES;
				IPHONEOS_DEPLOYMENT_TARGET = 16.2;
				MTL_ENABLE_DEBUG_INFO = NO;
				MTL_FAST_MATH = YES;
				SDKROOT = iphoneos;
				SWIFT_COMPILATION_MODE = wholemodule;
				SWIFT_OPTIMIZATION_LEVEL = "-O";
				VALIDATE_PRODUCT = YES;
			};
			name = Release;
		};
		95901ABC297AB2B20095B8C5 /* Debug */ = {
			isa = XCBuildConfiguration;
			buildSettings = {
				ASSETCATALOG_COMPILER_APPICON_NAME = AppIcon;
				ASSETCATALOG_COMPILER_GLOBAL_ACCENT_COLOR_NAME = AccentColor;
				CODE_SIGN_STYLE = Automatic;
				CURRENT_PROJECT_VERSION = 1;
				DEVELOPMENT_TEAM = WGB4PJQA77;
				GENERATE_INFOPLIST_FILE = YES;
				INFOPLIST_FILE = RickNMortyAPI/Info.plist;
				INFOPLIST_KEY_UIApplicationSupportsIndirectInputEvents = YES;
				INFOPLIST_KEY_UILaunchStoryboardName = LaunchScreen;
				INFOPLIST_KEY_UISupportedInterfaceOrientations_iPad = "UIInterfaceOrientationPortrait UIInterfaceOrientationPortraitUpsideDown UIInterfaceOrientationLandscapeLeft UIInterfaceOrientationLandscapeRight";
				INFOPLIST_KEY_UISupportedInterfaceOrientations_iPhone = "UIInterfaceOrientationPortrait UIInterfaceOrientationLandscapeLeft UIInterfaceOrientationLandscapeRight";
				LD_RUNPATH_SEARCH_PATHS = (
					"$(inherited)",
					"@executable_path/Frameworks",
				);
				MARKETING_VERSION = 1.0;
				PRODUCT_BUNDLE_IDENTIFIER = Education.RickNMortyAPI;
				PRODUCT_NAME = "$(TARGET_NAME)";
				SWIFT_EMIT_LOC_STRINGS = YES;
				SWIFT_VERSION = 5.0;
				TARGETED_DEVICE_FAMILY = "1,2";
			};
			name = Debug;
		};
		95901ABD297AB2B20095B8C5 /* Release */ = {
			isa = XCBuildConfiguration;
			buildSettings = {
				ASSETCATALOG_COMPILER_APPICON_NAME = AppIcon;
				ASSETCATALOG_COMPILER_GLOBAL_ACCENT_COLOR_NAME = AccentColor;
				CODE_SIGN_STYLE = Automatic;
				CURRENT_PROJECT_VERSION = 1;
				DEVELOPMENT_TEAM = WGB4PJQA77;
				GENERATE_INFOPLIST_FILE = YES;
				INFOPLIST_FILE = RickNMortyAPI/Info.plist;
				INFOPLIST_KEY_UIApplicationSupportsIndirectInputEvents = YES;
				INFOPLIST_KEY_UILaunchStoryboardName = LaunchScreen;
				INFOPLIST_KEY_UISupportedInterfaceOrientations_iPad = "UIInterfaceOrientationPortrait UIInterfaceOrientationPortraitUpsideDown UIInterfaceOrientationLandscapeLeft UIInterfaceOrientationLandscapeRight";
				INFOPLIST_KEY_UISupportedInterfaceOrientations_iPhone = "UIInterfaceOrientationPortrait UIInterfaceOrientationLandscapeLeft UIInterfaceOrientationLandscapeRight";
				LD_RUNPATH_SEARCH_PATHS = (
					"$(inherited)",
					"@executable_path/Frameworks",
				);
				MARKETING_VERSION = 1.0;
				PRODUCT_BUNDLE_IDENTIFIER = Education.RickNMortyAPI;
				PRODUCT_NAME = "$(TARGET_NAME)";
				SWIFT_EMIT_LOC_STRINGS = YES;
				SWIFT_VERSION = 5.0;
				TARGETED_DEVICE_FAMILY = "1,2";
			};
			name = Release;
		};
/* End XCBuildConfiguration section */

/* Begin XCConfigurationList section */
		95901AA2297AB2B00095B8C5 /* Build configuration list for PBXProject "RickNMortyAPI" */ = {
			isa = XCConfigurationList;
			buildConfigurations = (
				95901AB9297AB2B20095B8C5 /* Debug */,
				95901ABA297AB2B20095B8C5 /* Release */,
			);
			defaultConfigurationIsVisible = 0;
			defaultConfigurationName = Release;
		};
		95901ABB297AB2B20095B8C5 /* Build configuration list for PBXNativeTarget "RickNMortyAPI" */ = {
			isa = XCConfigurationList;
			buildConfigurations = (
				95901ABC297AB2B20095B8C5 /* Debug */,
				95901ABD297AB2B20095B8C5 /* Release */,
			);
			defaultConfigurationIsVisible = 0;
			defaultConfigurationName = Release;
		};
/* End XCConfigurationList section */
	};
	rootObject = 95901A9F297AB2B00095B8C5 /* Project object */;
}
